
Microsoft Visual Studio Solution File, Format Version 12.00
# Visual Studio 15
VisualStudioVersion = 15.0.27924.0
MinimumVisualStudioVersion = 10.0.40219.1
Project("{FAE04EC0-301F-11D3-BF4B-00C04F79EFBC}") = "DreamFood.Android", "DreamFood\DreamFood.Android\DreamFood.Android.csproj", "{C25F0177-5EBA-4EC6-AEED-4C7AE4420D7C}"
EndProject
Project("{FAE04EC0-301F-11D3-BF4B-00C04F79EFBC}") = "DreamFood.iOS", "DreamFood\DreamFood.iOS\DreamFood.iOS.csproj", "{C508E6A4-9885-4735-B079-6C786BEC3C3A}"
EndProject
Project("{9A19103F-16F7-4668-BE54-9A1E7A4F7556}") = "DreamFood", "DreamFood\DreamFood\DreamFood.csproj", "{999EAACB-EC15-4C3D-A7CA-BE169381439D}"
EndProject
Project("{FAE04EC0-301F-11D3-BF4B-00C04F79EFBC}") = "DreamFood.Backend", "DreamFood.Backend\DreamFood.Backend.csproj", "{5D89E49D-D999-4E29-B003-22DE55F65A0E}"
EndProject
Project("{FAE04EC0-301F-11D3-BF4B-00C04F79EFBC}") = "DreamFood.API", "DreamFood.API\DreamFood.API.csproj", "{55AB3F66-6E02-4B9E-9439-B5FD777E38F8}"
EndProject
Project("{FAE04EC0-301F-11D3-BF4B-00C04F79EFBC}") = "DreamFood.Domain", "DreamFood.Domain\DreamFood.Domain.csproj", "{C11458D2-67CD-4188-88F6-EADDE254414D}"
EndProject
Project("{FAE04EC0-301F-11D3-BF4B-00C04F79EFBC}") = "DreamFood.Common", "DreamFood.Common\DreamFood.Common.csproj", "{1C96D261-E461-47E4-BADD-B7C2F1B87486}"
EndProject
Global
	GlobalSection(SolutionConfigurationPlatforms) = preSolution
		Ad-Hoc|Any CPU = Ad-Hoc|Any CPU
		Ad-Hoc|iPhone = Ad-Hoc|iPhone
		Ad-Hoc|iPhoneSimulator = Ad-Hoc|iPhoneSimulator
		AppStore|Any CPU = AppStore|Any CPU
		AppStore|iPhone = AppStore|iPhone
		AppStore|iPhoneSimulator = AppStore|iPhoneSimulator
		Debug|Any CPU = Debug|Any CPU
		Debug|iPhone = Debug|iPhone
		Debug|iPhoneSimulator = Debug|iPhoneSimulator
		Release|Any CPU = Release|Any CPU
		Release|iPhone = Release|iPhone
		Release|iPhoneSimulator = Release|iPhoneSimulator
	EndGlobalSection
	GlobalSection(ProjectConfigurationPlatforms) = postSolution
		{C25F0177-5EBA-4EC6-AEED-4C7AE4420D7C}.Ad-Hoc|Any CPU.ActiveCfg = Release|Any CPU
		{C25F0177-5EBA-4EC6-AEED-4C7AE4420D7C}.Ad-Hoc|Any CPU.Build.0 = Release|Any CPU
		{C25F0177-5EBA-4EC6-AEED-4C7AE4420D7C}.Ad-Hoc|Any CPU.Deploy.0 = Release|Any CPU
		{C25F0177-5EBA-4EC6-AEED-4C7AE4420D7C}.Ad-Hoc|iPhone.ActiveCfg = Release|Any CPU
		{C25F0177-5EBA-4EC6-AEED-4C7AE4420D7C}.Ad-Hoc|iPhone.Build.0 = Release|Any CPU
		{C25F0177-5EBA-4EC6-AEED-4C7AE4420D7C}.Ad-Hoc|iPhone.Deploy.0 = Release|Any CPU
		{C25F0177-5EBA-4EC6-AEED-4C7AE4420D7C}.Ad-Hoc|iPhoneSimulator.ActiveCfg = Release|Any CPU
		{C25F0177-5EBA-4EC6-AEED-4C7AE4420D7C}.Ad-Hoc|iPhoneSimulator.Build.0 = Release|Any CPU
		{C25F0177-5EBA-4EC6-AEED-4C7AE4420D7C}.Ad-Hoc|iPhoneSimulator.Deploy.0 = Release|Any CPU
		{C25F0177-5EBA-4EC6-AEED-4C7AE4420D7C}.AppStore|Any CPU.ActiveCfg = Release|Any CPU
		{C25F0177-5EBA-4EC6-AEED-4C7AE4420D7C}.AppStore|Any CPU.Build.0 = Release|Any CPU
		{C25F0177-5EBA-4EC6-AEED-4C7AE4420D7C}.AppStore|Any CPU.Deploy.0 = Release|Any CPU
		{C25F0177-5EBA-4EC6-AEED-4C7AE4420D7C}.AppStore|iPhone.ActiveCfg = Release|Any CPU
		{C25F0177-5EBA-4EC6-AEED-4C7AE4420D7C}.AppStore|iPhone.Build.0 = Release|Any CPU
		{C25F0177-5EBA-4EC6-AEED-4C7AE4420D7C}.AppStore|iPhone.Deploy.0 = Release|Any CPU
		{C25F0177-5EBA-4EC6-AEED-4C7AE4420D7C}.AppStore|iPhoneSimulator.ActiveCfg = Release|Any CPU
		{C25F0177-5EBA-4EC6-AEED-4C7AE4420D7C}.AppStore|iPhoneSimulator.Build.0 = Release|Any CPU
		{C25F0177-5EBA-4EC6-AEED-4C7AE4420D7C}.AppStore|iPhoneSimulator.Deploy.0 = Release|Any CPU
		{C25F0177-5EBA-4EC6-AEED-4C7AE4420D7C}.Debug|Any CPU.ActiveCfg = Debug|Any CPU
		{C25F0177-5EBA-4EC6-AEED-4C7AE4420D7C}.Debug|Any CPU.Build.0 = Debug|Any CPU
		{C25F0177-5EBA-4EC6-AEED-4C7AE4420D7C}.Debug|Any CPU.Deploy.0 = Debug|Any CPU
		{C25F0177-5EBA-4EC6-AEED-4C7AE4420D7C}.Debug|iPhone.ActiveCfg = Debug|Any CPU
		{C25F0177-5EBA-4EC6-AEED-4C7AE4420D7C}.Debug|iPhone.Build.0 = Debug|Any CPU
		{C25F0177-5EBA-4EC6-AEED-4C7AE4420D7C}.Debug|iPhone.Deploy.0 = Debug|Any CPU
		{C25F0177-5EBA-4EC6-AEED-4C7AE4420D7C}.Debug|iPhoneSimulator.ActiveCfg = Debug|Any CPU
		{C25F0177-5EBA-4EC6-AEED-4C7AE4420D7C}.Debug|iPhoneSimulator.Build.0 = Debug|Any CPU
		{C25F0177-5EBA-4EC6-AEED-4C7AE4420D7C}.Debug|iPhoneSimulator.Deploy.0 = Debug|Any CPU
		{C25F0177-5EBA-4EC6-AEED-4C7AE4420D7C}.Release|Any CPU.ActiveCfg = Release|Any CPU
		{C25F0177-5EBA-4EC6-AEED-4C7AE4420D7C}.Release|Any CPU.Build.0 = Release|Any CPU
		{C25F0177-5EBA-4EC6-AEED-4C7AE4420D7C}.Release|Any CPU.Deploy.0 = Release|Any CPU
		{C25F0177-5EBA-4EC6-AEED-4C7AE4420D7C}.Release|iPhone.ActiveCfg = Release|Any CPU
		{C25F0177-5EBA-4EC6-AEED-4C7AE4420D7C}.Release|iPhone.Build.0 = Release|Any CPU
		{C25F0177-5EBA-4EC6-AEED-4C7AE4420D7C}.Release|iPhone.Deploy.0 = Release|Any CPU
		{C25F0177-5EBA-4EC6-AEED-4C7AE4420D7C}.Release|iPhoneSimulator.ActiveCfg = Release|Any CPU
		{C25F0177-5EBA-4EC6-AEED-4C7AE4420D7C}.Release|iPhoneSimulator.Build.0 = Release|Any CPU
		{C25F0177-5EBA-4EC6-AEED-4C7AE4420D7C}.Release|iPhoneSimulator.Deploy.0 = Release|Any CPU
		{C508E6A4-9885-4735-B079-6C786BEC3C3A}.Ad-Hoc|Any CPU.ActiveCfg = Ad-Hoc|iPhone
		{C508E6A4-9885-4735-B079-6C786BEC3C3A}.Ad-Hoc|Any CPU.Build.0 = Ad-Hoc|iPhone
		{C508E6A4-9885-4735-B079-6C786BEC3C3A}.Ad-Hoc|Any CPU.Deploy.0 = Ad-Hoc|iPhone
		{C508E6A4-9885-4735-B079-6C786BEC3C3A}.Ad-Hoc|iPhone.ActiveCfg = Ad-Hoc|iPhone
		{C508E6A4-9885-4735-B079-6C786BEC3C3A}.Ad-Hoc|iPhone.Build.0 = Ad-Hoc|iPhone
		{C508E6A4-9885-4735-B079-6C786BEC3C3A}.Ad-Hoc|iPhone.Deploy.0 = Ad-Hoc|iPhone
		{C508E6A4-9885-4735-B079-6C786BEC3C3A}.Ad-Hoc|iPhoneSimulator.ActiveCfg = Ad-Hoc|iPhoneSimulator
		{C508E6A4-9885-4735-B079-6C786BEC3C3A}.Ad-Hoc|iPhoneSimulator.Build.0 = Ad-Hoc|iPhoneSimulator
		{C508E6A4-9885-4735-B079-6C786BEC3C3A}.Ad-Hoc|iPhoneSimulator.Deploy.0 = Ad-Hoc|iPhoneSimulator
		{C508E6A4-9885-4735-B079-6C786BEC3C3A}.AppStore|Any CPU.ActiveCfg = AppStore|iPhone
		{C508E6A4-9885-4735-B079-6C786BEC3C3A}.AppStore|Any CPU.Build.0 = AppStore|iPhone
		{C508E6A4-9885-4735-B079-6C786BEC3C3A}.AppStore|Any CPU.Deploy.0 = AppStore|iPhone
		{C508E6A4-9885-4735-B079-6C786BEC3C3A}.AppStore|iPhone.ActiveCfg = AppStore|iPhone
		{C508E6A4-9885-4735-B079-6C786BEC3C3A}.AppStore|iPhone.Build.0 = AppStore|iPhone
		{C508E6A4-9885-4735-B079-6C786BEC3C3A}.AppStore|iPhone.Deploy.0 = AppStore|iPhone
		{C508E6A4-9885-4735-B079-6C786BEC3C3A}.AppStore|iPhoneSimulator.ActiveCfg = AppStore|iPhoneSimulator
		{C508E6A4-9885-4735-B079-6C786BEC3C3A}.AppStore|iPhoneSimulator.Build.0 = AppStore|iPhoneSimulator
		{C508E6A4-9885-4735-B079-6C786BEC3C3A}.AppStore|iPhoneSimulator.Deploy.0 = AppStore|iPhoneSimulator
		{C508E6A4-9885-4735-B079-6C786BEC3C3A}.Debug|Any CPU.ActiveCfg = Debug|iPhoneSimulator
		{C508E6A4-9885-4735-B079-6C786BEC3C3A}.Debug|Any CPU.Build.0 = Debug|iPhoneSimulator
		{C508E6A4-9885-4735-B079-6C786BEC3C3A}.Debug|Any CPU.Deploy.0 = Debug|iPhoneSimulator
		{C508E6A4-9885-4735-B079-6C786BEC3C3A}.Debug|iPhone.ActiveCfg = Debug|iPhone
		{C508E6A4-9885-4735-B079-6C786BEC3C3A}.Debug|iPhone.Build.0 = Debug|iPhone
		{C508E6A4-9885-4735-B079-6C786BEC3C3A}.Debug|iPhone.Deploy.0 = Debug|iPhone
		{C508E6A4-9885-4735-B079-6C786BEC3C3A}.Debug|iPhoneSimulator.ActiveCfg = Debug|iPhoneSimulator
		{C508E6A4-9885-4735-B079-6C786BEC3C3A}.Debug|iPhoneSimulator.Build.0 = Debug|iPhoneSimulator
		{C508E6A4-9885-4735-B079-6C786BEC3C3A}.Debug|iPhoneSimulator.Deploy.0 = Debug|iPhoneSimulator
		{C508E6A4-9885-4735-B079-6C786BEC3C3A}.Release|Any CPU.ActiveCfg = Release|iPhone
		{C508E6A4-9885-4735-B079-6C786BEC3C3A}.Release|Any CPU.Build.0 = Release|iPhone
		{C508E6A4-9885-4735-B079-6C786BEC3C3A}.Release|Any CPU.Deploy.0 = Release|iPhone
		{C508E6A4-9885-4735-B079-6C786BEC3C3A}.Release|iPhone.ActiveCfg = Release|iPhone
		{C508E6A4-9885-4735-B079-6C786BEC3C3A}.Release|iPhone.Build.0 = Release|iPhone
		{C508E6A4-9885-4735-B079-6C786BEC3C3A}.Release|iPhone.Deploy.0 = Release|iPhone
		{C508E6A4-9885-4735-B079-6C786BEC3C3A}.Release|iPhoneSimulator.ActiveCfg = Release|iPhoneSimulator
		{C508E6A4-9885-4735-B079-6C786BEC3C3A}.Release|iPhoneSimulator.Build.0 = Release|iPhoneSimulator
		{C508E6A4-9885-4735-B079-6C786BEC3C3A}.Release|iPhoneSimulator.Deploy.0 = Release|iPhoneSimulator
		{999EAACB-EC15-4C3D-A7CA-BE169381439D}.Ad-Hoc|Any CPU.ActiveCfg = Debug|Any CPU
		{999EAACB-EC15-4C3D-A7CA-BE169381439D}.Ad-Hoc|Any CPU.Build.0 = Debug|Any CPU
		{999EAACB-EC15-4C3D-A7CA-BE169381439D}.Ad-Hoc|Any CPU.Deploy.0 = Debug|Any CPU
		{999EAACB-EC15-4C3D-A7CA-BE169381439D}.Ad-Hoc|iPhone.ActiveCfg = Debug|Any CPU
		{999EAACB-EC15-4C3D-A7CA-BE169381439D}.Ad-Hoc|iPhone.Build.0 = Debug|Any CPU
		{999EAACB-EC15-4C3D-A7CA-BE169381439D}.Ad-Hoc|iPhone.Deploy.0 = Debug|Any CPU
		{999EAACB-EC15-4C3D-A7CA-BE169381439D}.Ad-Hoc|iPhoneSimulator.ActiveCfg = Debug|Any CPU
		{999EAACB-EC15-4C3D-A7CA-BE169381439D}.Ad-Hoc|iPhoneSimulator.Build.0 = Debug|Any CPU
		{999EAACB-EC15-4C3D-A7CA-BE169381439D}.Ad-Hoc|iPhoneSimulator.Deploy.0 = Debug|Any CPU
		{999EAACB-EC15-4C3D-A7CA-BE169381439D}.AppStore|Any CPU.ActiveCfg = Debug|Any CPU
		{999EAACB-EC15-4C3D-A7CA-BE169381439D}.AppStore|Any CPU.Build.0 = Debug|Any CPU
		{999EAACB-EC15-4C3D-A7CA-BE169381439D}.AppStore|Any CPU.Deploy.0 = Debug|Any CPU
		{999EAACB-EC15-4C3D-A7CA-BE169381439D}.AppStore|iPhone.ActiveCfg = Debug|Any CPU
		{999EAACB-EC15-4C3D-A7CA-BE169381439D}.AppStore|iPhone.Build.0 = Debug|Any CPU
		{999EAACB-EC15-4C3D-A7CA-BE169381439D}.AppStore|iPhone.Deploy.0 = Debug|Any CPU
		{999EAACB-EC15-4C3D-A7CA-BE169381439D}.AppStore|iPhoneSimulator.ActiveCfg = Debug|Any CPU
		{999EAACB-EC15-4C3D-A7CA-BE169381439D}.AppStore|iPhoneSimulator.Build.0 = Debug|Any CPU
		{999EAACB-EC15-4C3D-A7CA-BE169381439D}.AppStore|iPhoneSimulator.Deploy.0 = Debug|Any CPU
		{999EAACB-EC15-4C3D-A7CA-BE169381439D}.Debug|Any CPU.ActiveCfg = Debug|Any CPU
		{999EAACB-EC15-4C3D-A7CA-BE169381439D}.Debug|Any CPU.Build.0 = Debug|Any CPU
		{999EAACB-EC15-4C3D-A7CA-BE169381439D}.Debug|Any CPU.Deploy.0 = Debug|Any CPU
		{999EAACB-EC15-4C3D-A7CA-BE169381439D}.Debug|iPhone.ActiveCfg = Debug|Any CPU
		{999EAACB-EC15-4C3D-A7CA-BE169381439D}.Debug|iPhone.Build.0 = Debug|Any CPU
		{999EAACB-EC15-4C3D-A7CA-BE169381439D}.Debug|iPhone.Deploy.0 = Debug|Any CPU
		{999EAACB-EC15-4C3D-A7CA-BE169381439D}.Debug|iPhoneSimulator.ActiveCfg = Debug|Any CPU
		{999EAACB-EC15-4C3D-A7CA-BE169381439D}.Debug|iPhoneSimulator.Build.0 = Debug|Any CPU
		{999EAACB-EC15-4C3D-A7CA-BE169381439D}.Debug|iPhoneSimulator.Deploy.0 = Debug|Any CPU
		{999EAACB-EC15-4C3D-A7CA-BE169381439D}.Release|Any CPU.ActiveCfg = Release|Any CPU
		{999EAACB-EC15-4C3D-A7CA-BE169381439D}.Release|Any CPU.Build.0 = Release|Any CPU
		{999EAACB-EC15-4C3D-A7CA-BE169381439D}.Release|Any CPU.Deploy.0 = Release|Any CPU
		{999EAACB-EC15-4C3D-A7CA-BE169381439D}.Release|iPhone.ActiveCfg = Release|Any CPU
		{999EAACB-EC15-4C3D-A7CA-BE169381439D}.Release|iPhone.Build.0 = Release|Any CPU
		{999EAACB-EC15-4C3D-A7CA-BE169381439D}.Release|iPhone.Deploy.0 = Release|Any CPU
		{999EAACB-EC15-4C3D-A7CA-BE169381439D}.Release|iPhoneSimulator.ActiveCfg = Release|Any CPU
		{999EAACB-EC15-4C3D-A7CA-BE169381439D}.Release|iPhoneSimulator.Build.0 = Release|Any CPU
		{999EAACB-EC15-4C3D-A7CA-BE169381439D}.Release|iPhoneSimulator.Deploy.0 = Release|Any CPU
		{5D89E49D-D999-4E29-B003-22DE55F65A0E}.Ad-Hoc|Any CPU.ActiveCfg = Release|Any CPU
		{5D89E49D-D999-4E29-B003-22DE55F65A0E}.Ad-Hoc|Any CPU.Build.0 = Release|Any CPU
		{5D89E49D-D999-4E29-B003-22DE55F65A0E}.Ad-Hoc|iPhone.ActiveCfg = Release|Any CPU
		{5D89E49D-D999-4E29-B003-22DE55F65A0E}.Ad-Hoc|iPhone.Build.0 = Release|Any CPU
		{5D89E49D-D999-4E29-B003-22DE55F65A0E}.Ad-Hoc|iPhoneSimulator.ActiveCfg = Release|Any CPU
		{5D89E49D-D999-4E29-B003-22DE55F65A0E}.Ad-Hoc|iPhoneSimulator.Build.0 = Release|Any CPU
		{5D89E49D-D999-4E29-B003-22DE55F65A0E}.AppStore|Any CPU.ActiveCfg = Release|Any CPU
		{5D89E49D-D999-4E29-B003-22DE55F65A0E}.AppStore|Any CPU.Build.0 = Release|Any CPU
		{5D89E49D-D999-4E29-B003-22DE55F65A0E}.AppStore|iPhone.ActiveCfg = Release|Any CPU
		{5D89E49D-D999-4E29-B003-22DE55F65A0E}.AppStore|iPhone.Build.0 = Release|Any CPU
		{5D89E49D-D999-4E29-B003-22DE55F65A0E}.AppStore|iPhoneSimulator.ActiveCfg = Release|Any CPU
		{5D89E49D-D999-4E29-B003-22DE55F65A0E}.AppStore|iPhoneSimulator.Build.0 = Release|Any CPU
		{5D89E49D-D999-4E29-B003-22DE55F65A0E}.Debug|Any CPU.ActiveCfg = Debug|Any CPU
		{5D89E49D-D999-4E29-B003-22DE55F65A0E}.Debug|Any CPU.Build.0 = Debug|Any CPU
		{5D89E49D-D999-4E29-B003-22DE55F65A0E}.Debug|iPhone.ActiveCfg = Debug|Any CPU
		{5D89E49D-D999-4E29-B003-22DE55F65A0E}.Debug|iPhone.Build.0 = Debug|Any CPU
		{5D89E49D-D999-4E29-B003-22DE55F65A0E}.Debug|iPhoneSimulator.ActiveCfg = Debug|Any CPU
		{5D89E49D-D999-4E29-B003-22DE55F65A0E}.Debug|iPhoneSimulator.Build.0 = Debug|Any CPU
		{5D89E49D-D999-4E29-B003-22DE55F65A0E}.Release|Any CPU.ActiveCfg = Release|Any CPU
		{5D89E49D-D999-4E29-B003-22DE55F65A0E}.Release|Any CPU.Build.0 = Release|Any CPU
		{5D89E49D-D999-4E29-B003-22DE55F65A0E}.Release|iPhone.ActiveCfg = Release|Any CPU
		{5D89E49D-D999-4E29-B003-22DE55F65A0E}.Release|iPhone.Build.0 = Release|Any CPU
		{5D89E49D-D999-4E29-B003-22DE55F65A0E}.Release|iPhoneSimulator.ActiveCfg = Release|Any CPU
		{5D89E49D-D999-4E29-B003-22DE55F65A0E}.Release|iPhoneSimulator.Build.0 = Release|Any CPU
		{55AB3F66-6E02-4B9E-9439-B5FD777E38F8}.Ad-Hoc|Any CPU.ActiveCfg = Release|Any CPU
		{55AB3F66-6E02-4B9E-9439-B5FD777E38F8}.Ad-Hoc|Any CPU.Build.0 = Release|Any CPU
		{55AB3F66-6E02-4B9E-9439-B5FD777E38F8}.Ad-Hoc|iPhone.ActiveCfg = Release|Any CPU
		{55AB3F66-6E02-4B9E-9439-B5FD777E38F8}.Ad-Hoc|iPhone.Build.0 = Release|Any CPU
		{55AB3F66-6E02-4B9E-9439-B5FD777E38F8}.Ad-Hoc|iPhoneSimulator.ActiveCfg = Release|Any CPU
		{55AB3F66-6E02-4B9E-9439-B5FD777E38F8}.Ad-Hoc|iPhoneSimulator.Build.0 = Release|Any CPU
		{55AB3F66-6E02-4B9E-9439-B5FD777E38F8}.AppStore|Any CPU.ActiveCfg = Release|Any CPU
		{55AB3F66-6E02-4B9E-9439-B5FD777E38F8}.AppStore|Any CPU.Build.0 = Release|Any CPU
		{55AB3F66-6E02-4B9E-9439-B5FD777E38F8}.AppStore|iPhone.ActiveCfg = Release|Any CPU
		{55AB3F66-6E02-4B9E-9439-B5FD777E38F8}.AppStore|iPhone.Build.0 = Release|Any CPU
		{55AB3F66-6E02-4B9E-9439-B5FD777E38F8}.AppStore|iPhoneSimulator.ActiveCfg = Release|Any CPU
		{55AB3F66-6E02-4B9E-9439-B5FD777E38F8}.AppStore|iPhoneSimulator.Build.0 = Release|Any CPU
		{55AB3F66-6E02-4B9E-9439-B5FD777E38F8}.Debug|Any CPU.ActiveCfg = Debug|Any CPU
		{55AB3F66-6E02-4B9E-9439-B5FD777E38F8}.Debug|Any CPU.Build.0 = Debug|Any CPU
		{55AB3F66-6E02-4B9E-9439-B5FD777E38F8}.Debug|iPhone.ActiveCfg = Debug|Any CPU
		{55AB3F66-6E02-4B9E-9439-B5FD777E38F8}.Debug|iPhone.Build.0 = Debug|Any CPU
		{55AB3F66-6E02-4B9E-9439-B5FD777E38F8}.Debug|iPhoneSimulator.ActiveCfg = Debug|Any CPU
		{55AB3F66-6E02-4B9E-9439-B5FD777E38F8}.Debug|iPhoneSimulator.Build.0 = Debug|Any CPU
		{55AB3F66-6E02-4B9E-9439-B5FD777E38F8}.Release|Any CPU.ActiveCfg = Release|Any CPU
		{55AB3F66-6E02-4B9E-9439-B5FD777E38F8}.Release|Any CPU.Build.0 = Release|Any CPU
		{55AB3F66-6E02-4B9E-9439-B5FD777E38F8}.Release|iPhone.ActiveCfg = Release|Any CPU
		{55AB3F66-6E02-4B9E-9439-B5FD777E38F8}.Release|iPhone.Build.0 = Release|Any CPU
		{55AB3F66-6E02-4B9E-9439-B5FD777E38F8}.Release|iPhoneSimulator.ActiveCfg = Release|Any CPU
		{55AB3F66-6E02-4B9E-9439-B5FD777E38F8}.Release|iPhoneSimulator.Build.0 = Release|Any CPU
		{C11458D2-67CD-4188-88F6-EADDE254414D}.Ad-Hoc|Any CPU.ActiveCfg = Release|Any CPU
		{C11458D2-67CD-4188-88F6-EADDE254414D}.Ad-Hoc|Any CPU.Build.0 = Release|Any CPU
		{C11458D2-67CD-4188-88F6-EADDE254414D}.Ad-Hoc|iPhone.ActiveCfg = Release|Any CPU
		{C11458D2-67CD-4188-88F6-EADDE254414D}.Ad-Hoc|iPhone.Build.0 = Release|Any CPU
		{C11458D2-67CD-4188-88F6-EADDE254414D}.Ad-Hoc|iPhoneSimulator.ActiveCfg = Release|Any CPU
		{C11458D2-67CD-4188-88F6-EADDE254414D}.Ad-Hoc|iPhoneSimulator.Build.0 = Release|Any CPU
		{C11458D2-67CD-4188-88F6-EADDE254414D}.AppStore|Any CPU.ActiveCfg = Release|Any CPU
		{C11458D2-67CD-4188-88F6-EADDE254414D}.AppStore|Any CPU.Build.0 = Release|Any CPU
		{C11458D2-67CD-4188-88F6-EADDE254414D}.AppStore|iPhone.ActiveCfg = Release|Any CPU
		{C11458D2-67CD-4188-88F6-EADDE254414D}.AppStore|iPhone.Build.0 = Release|Any CPU
		{C11458D2-67CD-4188-88F6-EADDE254414D}.AppStore|iPhoneSimulator.ActiveCfg = Release|Any CPU
		{C11458D2-67CD-4188-88F6-EADDE254414D}.AppStore|iPhoneSimulator.Build.0 = Release|Any CPU
		{C11458D2-67CD-4188-88F6-EADDE254414D}.Debug|Any CPU.ActiveCfg = Debug|Any CPU
		{C11458D2-67CD-4188-88F6-EADDE254414D}.Debug|Any CPU.Build.0 = Debug|Any CPU
		{C11458D2-67CD-4188-88F6-EADDE254414D}.Debug|iPhone.ActiveCfg = Debug|Any CPU
		{C11458D2-67CD-4188-88F6-EADDE254414D}.Debug|iPhone.Build.0 = Debug|Any CPU
		{C11458D2-67CD-4188-88F6-EADDE254414D}.Debug|iPhoneSimulator.ActiveCfg = Debug|Any CPU
		{C11458D2-67CD-4188-88F6-EADDE254414D}.Debug|iPhoneSimulator.Build.0 = Debug|Any CPU
		{C11458D2-67CD-4188-88F6-EADDE254414D}.Release|Any CPU.ActiveCfg = Release|Any CPU
		{C11458D2-67CD-4188-88F6-EADDE254414D}.Release|Any CPU.Build.0 = Release|Any CPU
		{C11458D2-67CD-4188-88F6-EADDE254414D}.Release|iPhone.ActiveCfg = Release|Any CPU
		{C11458D2-67CD-4188-88F6-EADDE254414D}.Release|iPhone.Build.0 = Release|Any CPU
		{C11458D2-67CD-4188-88F6-EADDE254414D}.Release|iPhoneSimulator.ActiveCfg = Release|Any CPU
		{C11458D2-67CD-4188-88F6-EADDE254414D}.Release|iPhoneSimulator.Build.0 = Release|Any CPU
		{1C96D261-E461-47E4-BADD-B7C2F1B87486}.Ad-Hoc|Any CPU.ActiveCfg = Release|Any CPU
		{1C96D261-E461-47E4-BADD-B7C2F1B87486}.Ad-Hoc|Any CPU.Build.0 = Release|Any CPU
		{1C96D261-E461-47E4-BADD-B7C2F1B87486}.Ad-Hoc|iPhone.ActiveCfg = Release|Any CPU
		{1C96D261-E461-47E4-BADD-B7C2F1B87486}.Ad-Hoc|iPhone.Build.0 = Release|Any CPU
		{1C96D261-E461-47E4-BADD-B7C2F1B87486}.Ad-Hoc|iPhoneSimulator.ActiveCfg = Release|Any CPU
		{1C96D261-E461-47E4-BADD-B7C2F1B87486}.Ad-Hoc|iPhoneSimulator.Build.0 = Release|Any CPU
		{1C96D261-E461-47E4-BADD-B7C2F1B87486}.AppStore|Any CPU.ActiveCfg = Release|Any CPU
		{1C96D261-E461-47E4-BADD-B7C2F1B87486}.AppStore|Any CPU.Build.0 = Release|Any CPU
		{1C96D261-E461-47E4-BADD-B7C2F1B87486}.AppStore|iPhone.ActiveCfg = Release|Any CPU
		{1C96D261-E461-47E4-BADD-B7C2F1B87486}.AppStore|iPhone.Build.0 = Release|Any CPU
		{1C96D261-E461-47E4-BADD-B7C2F1B87486}.AppStore|iPhoneSimulator.ActiveCfg = Release|Any CPU
		{1C96D261-E461-47E4-BADD-B7C2F1B87486}.AppStore|iPhoneSimulator.Build.0 = Release|Any CPU
		{1C96D261-E461-47E4-BADD-B7C2F1B87486}.Debug|Any CPU.ActiveCfg = Debug|Any CPU
		{1C96D261-E461-47E4-BADD-B7C2F1B87486}.Debug|Any CPU.Build.0 = Debug|Any CPU
		{1C96D261-E461-47E4-BADD-B7C2F1B87486}.Debug|iPhone.ActiveCfg = Debug|Any CPU
		{1C96D261-E461-47E4-BADD-B7C2F1B87486}.Debug|iPhone.Build.0 = Debug|Any CPU
		{1C96D261-E461-47E4-BADD-B7C2F1B87486}.Debug|iPhoneSimulator.ActiveCfg = Debug|Any CPU
		{1C96D261-E461-47E4-BADD-B7C2F1B87486}.Debug|iPhoneSimulator.Build.0 = Debug|Any CPU
		{1C96D261-E461-47E4-BADD-B7C2F1B87486}.Release|Any CPU.ActiveCfg = Release|Any CPU
		{1C96D261-E461-47E4-BADD-B7C2F1B87486}.Release|Any CPU.Build.0 = Release|Any CPU
		{1C96D261-E461-47E4-BADD-B7C2F1B87486}.Release|iPhone.ActiveCfg = Release|Any CPU
		{1C96D261-E461-47E4-BADD-B7C2F1B87486}.Release|iPhone.Build.0 = Release|Any CPU
		{1C96D261-E461-47E4-BADD-B7C2F1B87486}.Release|iPhoneSimulator.ActiveCfg = Release|Any CPU
		{1C96D261-E461-47E4-BADD-B7C2F1B87486}.Release|iPhoneSimulator.Build.0 = Release|Any CPU
	EndGlobalSection
	GlobalSection(SolutionProperties) = preSolution
		HideSolutionNode = FALSE
	EndGlobalSection
	GlobalSection(ExtensibilityGlobals) = postSolution
		SolutionGuid = {D365CCD5-BE87-4BED-B3EC-BC017B992431}
	EndGlobalSection
EndGlobal
